
Microsoft Visual Studio Solution File, Format Version 12.00
# Visual Studio Version 17
VisualStudioVersion = 17.7.34031.279
MinimumVisualStudioVersion = 10.0.40219.1
Project("{888888A0-9F3D-457C-B088-3A5042F75D52}") = "Lesson15", "Lesson15.pyproj", "{207BB703-8AAC-464C-AA44-7B7ECC5A460C}"
EndProject
Global
	GlobalSection(SolutionConfigurationPlatforms) = preSolution
		Debug|Any CPU = Debug|Any CPU
		Release|Any CPU = Release|Any CPU
	EndGlobalSection
	GlobalSection(ProjectConfigurationPlatforms) = postSolution
		{207BB703-8AAC-464C-AA44-7B7ECC5A460C}.Debug|Any CPU.ActiveCfg = Debug|Any CPU
		{207BB703-8AAC-464C-AA44-7B7ECC5A460C}.Release|Any CPU.ActiveCfg = Release|Any CPU
	EndGlobalSection
	GlobalSection(SolutionProperties) = preSolution
		HideSolutionNode = FALSE
	EndGlobalSection
	GlobalSection(ExtensibilityGlobals) = postSolution
		SolutionGuid = {3A5167C5-9118-46C1-AB61-A19C097894D3}
	EndGlobalSection
EndGlobal
